
Microsoft Visual Studio Solution File, Format Version 12.00
# Visual Studio Version 16
VisualStudioVersion = 16.0.31624.102
MinimumVisualStudioVersion = 10.0.40219.1
Project("{FAE04EC0-301F-11D3-BF4B-00C04F79EFBC}") = "ClassLibrary", "ClassLibrary\ClassLibrary.csproj", "{619C245B-B0A8-4669-AAF2-8C5F68EBDE54}"
EndProject
Project("{FAE04EC0-301F-11D3-BF4B-00C04F79EFBC}") = "task5", "task5\task5.csproj", "{0221BEBE-CD9E-4F5A-83F0-156D082DCD4E}"
EndProject
Global
	GlobalSection(SolutionConfigurationPlatforms) = preSolution
		Debug|Any CPU = Debug|Any CPU
		Release|Any CPU = Release|Any CPU
	EndGlobalSection
	GlobalSection(ProjectConfigurationPlatforms) = postSolution
		{619C245B-B0A8-4669-AAF2-8C5F68EBDE54}.Debug|Any CPU.ActiveCfg = Debug|Any CPU
		{619C245B-B0A8-4669-AAF2-8C5F68EBDE54}.Debug|Any CPU.Build.0 = Debug|Any CPU
		{619C245B-B0A8-4669-AAF2-8C5F68EBDE54}.Release|Any CPU.ActiveCfg = Release|Any CPU
		{619C245B-B0A8-4669-AAF2-8C5F68EBDE54}.Release|Any CPU.Build.0 = Release|Any CPU
		{0221BEBE-CD9E-4F5A-83F0-156D082DCD4E}.Debug|Any CPU.ActiveCfg = Debug|Any CPU
		{0221BEBE-CD9E-4F5A-83F0-156D082DCD4E}.Debug|Any CPU.Build.0 = Debug|Any CPU
		{0221BEBE-CD9E-4F5A-83F0-156D082DCD4E}.Release|Any CPU.ActiveCfg = Release|Any CPU
		{0221BEBE-CD9E-4F5A-83F0-156D082DCD4E}.Release|Any CPU.Build.0 = Release|Any CPU
	EndGlobalSection
	GlobalSection(SolutionProperties) = preSolution
		HideSolutionNode = FALSE
	EndGlobalSection
	GlobalSection(ExtensibilityGlobals) = postSolution
		SolutionGuid = {65BA60C9-EE50-4B4F-960A-91F99DE4092F}
	EndGlobalSection
EndGlobal
